
Microsoft Visual Studio Solution File, Format Version 12.00
# Visual Studio Version 17
VisualStudioVersion = 17.7.34202.233
MinimumVisualStudioVersion = 10.0.40219.1
Project("{FAE04EC0-301F-11D3-BF4B-00C04F79EFBC}") = "Controle de Ponto", "Controle de Ponto.csproj", "{7C18725A-02D4-4717-8F1C-CA7A9C126040}"
EndProject
Global
	GlobalSection(SolutionConfigurationPlatforms) = preSolution
		Debug|Any CPU = Debug|Any CPU
		Release|Any CPU = Release|Any CPU
	EndGlobalSection
	GlobalSection(ProjectConfigurationPlatforms) = postSolution
		{7C18725A-02D4-4717-8F1C-CA7A9C126040}.Debug|Any CPU.ActiveCfg = Debug|Any CPU
		{7C18725A-02D4-4717-8F1C-CA7A9C126040}.Debug|Any CPU.Build.0 = Debug|Any CPU
		{7C18725A-02D4-4717-8F1C-CA7A9C126040}.Release|Any CPU.ActiveCfg = Release|Any CPU
		{7C18725A-02D4-4717-8F1C-CA7A9C126040}.Release|Any CPU.Build.0 = Release|Any CPU
	EndGlobalSection
	GlobalSection(SolutionProperties) = preSolution
		HideSolutionNode = FALSE
	EndGlobalSection
	GlobalSection(ExtensibilityGlobals) = postSolution
		SolutionGuid = {6EB57B8E-E290-4BFC-9C85-A20013D2F894}
	EndGlobalSection
EndGlobal
